
Microsoft Visual Studio Solution File, Format Version 11.00
# Visual Studio 2010
Project("{FAE04EC0-301F-11D3-BF4B-00C04F79EFBC}") = "Mvc3QuizQuestions", "Mvc3QuizQuestions\Mvc3QuizQuestions.csproj", "{53552B28-1BBF-4CAB-BED3-02CDB9178BB6}"
EndProject
Project("{FAE04EC0-301F-11D3-BF4B-00C04F79EFBC}") = "Mvc3QuizQuestions.Tests", "Mvc3QuizQuestions.Tests\Mvc3QuizQuestions.Tests.csproj", "{64695B18-74DB-44E6-B261-FC7EB4630981}"
EndProject
Global
	GlobalSection(SolutionConfigurationPlatforms) = preSolution
		Debug|Any CPU = Debug|Any CPU
		Release|Any CPU = Release|Any CPU
	EndGlobalSection
	GlobalSection(ProjectConfigurationPlatforms) = postSolution
		{53552B28-1BBF-4CAB-BED3-02CDB9178BB6}.Debug|Any CPU.ActiveCfg = Debug|Any CPU
		{53552B28-1BBF-4CAB-BED3-02CDB9178BB6}.Debug|Any CPU.Build.0 = Debug|Any CPU
		{53552B28-1BBF-4CAB-BED3-02CDB9178BB6}.Release|Any CPU.ActiveCfg = Release|Any CPU
		{53552B28-1BBF-4CAB-BED3-02CDB9178BB6}.Release|Any CPU.Build.0 = Release|Any CPU
		{64695B18-74DB-44E6-B261-FC7EB4630981}.Debug|Any CPU.ActiveCfg = Debug|Any CPU
		{64695B18-74DB-44E6-B261-FC7EB4630981}.Debug|Any CPU.Build.0 = Debug|Any CPU
		{64695B18-74DB-44E6-B261-FC7EB4630981}.Release|Any CPU.ActiveCfg = Release|Any CPU
		{64695B18-74DB-44E6-B261-FC7EB4630981}.Release|Any CPU.Build.0 = Release|Any CPU
	EndGlobalSection
	GlobalSection(SolutionProperties) = preSolution
		HideSolutionNode = FALSE
	EndGlobalSection
EndGlobal
